
Microsoft Visual Studio Solution File, Format Version 12.00
# Visual Studio Version 17
VisualStudioVersion = 17.4.33205.214
MinimumVisualStudioVersion = 10.0.40219.1
Project("{FAE04EC0-301F-11D3-BF4B-00C04F79EFBC}") = "Mod_Lang_UA", "Mod_Lang_UA.csproj", "{181BE353-4594-46C8-8955-B12A2B8FA291}"
EndProject
Global
	GlobalSection(SolutionConfigurationPlatforms) = preSolution
		Debug|Any CPU = Debug|Any CPU
		Release|Any CPU = Release|Any CPU
	EndGlobalSection
	GlobalSection(ProjectConfigurationPlatforms) = postSolution
		{181BE353-4594-46C8-8955-B12A2B8FA291}.Debug|Any CPU.ActiveCfg = Debug|Any CPU
		{181BE353-4594-46C8-8955-B12A2B8FA291}.Debug|Any CPU.Build.0 = Debug|Any CPU
		{181BE353-4594-46C8-8955-B12A2B8FA291}.Release|Any CPU.ActiveCfg = Release|Any CPU
		{181BE353-4594-46C8-8955-B12A2B8FA291}.Release|Any CPU.Build.0 = Release|Any CPU
	EndGlobalSection
	GlobalSection(SolutionProperties) = preSolution
		HideSolutionNode = FALSE
	EndGlobalSection
	GlobalSection(ExtensibilityGlobals) = postSolution
		SolutionGuid = {53BA1BB0-232A-4201-BE0C-762392412B22}
	EndGlobalSection
EndGlobal
